
Microsoft Visual Studio Solution File, Format Version 12.00
Project("{FAE04EC0-301F-11D3-BF4B-00C04F79EFBC}") = "Micky5991.Samp.Net.Core", "Micky5991.Samp.Net.Core\Micky5991.Samp.Net.Core.csproj", "{17D87C04-F9B2-4683-93EF-CAC0520511D6}"
EndProject
Project("{FAE04EC0-301F-11D3-BF4B-00C04F79EFBC}") = "Micky5991.Samp.Net.Example", "Micky5991.Samp.Net.Example\Micky5991.Samp.Net.Example.csproj", "{2C0D99B2-D5FC-47E1-871F-6A54E4131BD7}"
EndProject
Global
	GlobalSection(SolutionConfigurationPlatforms) = preSolution
		Debug|Any CPU = Debug|Any CPU
		Release|Any CPU = Release|Any CPU
		Debug - Local|Any CPU = Debug - Local|Any CPU
	EndGlobalSection
	GlobalSection(ProjectConfigurationPlatforms) = postSolution
		{17D87C04-F9B2-4683-93EF-CAC0520511D6}.Debug|Any CPU.ActiveCfg = Debug|Any CPU
		{17D87C04-F9B2-4683-93EF-CAC0520511D6}.Debug|Any CPU.Build.0 = Debug|Any CPU
		{17D87C04-F9B2-4683-93EF-CAC0520511D6}.Release|Any CPU.ActiveCfg = Release|Any CPU
		{17D87C04-F9B2-4683-93EF-CAC0520511D6}.Release|Any CPU.Build.0 = Release|Any CPU
		{17D87C04-F9B2-4683-93EF-CAC0520511D6}.Debug - Local|Any CPU.ActiveCfg = Debug - Local|Any CPU
		{17D87C04-F9B2-4683-93EF-CAC0520511D6}.Debug - Local|Any CPU.Build.0 = Debug - Local|Any CPU
		{2C0D99B2-D5FC-47E1-871F-6A54E4131BD7}.Debug|Any CPU.ActiveCfg = Debug|Any CPU
		{2C0D99B2-D5FC-47E1-871F-6A54E4131BD7}.Debug|Any CPU.Build.0 = Debug|Any CPU
		{2C0D99B2-D5FC-47E1-871F-6A54E4131BD7}.Release|Any CPU.ActiveCfg = Release|Any CPU
		{2C0D99B2-D5FC-47E1-871F-6A54E4131BD7}.Release|Any CPU.Build.0 = Release|Any CPU
		{2C0D99B2-D5FC-47E1-871F-6A54E4131BD7}.Debug - Local|Any CPU.ActiveCfg = Debug - Local|Any CPU
		{2C0D99B2-D5FC-47E1-871F-6A54E4131BD7}.Debug - Local|Any CPU.Build.0 = Debug - Local|Any CPU
	EndGlobalSection
EndGlobal
